
Microsoft Visual Studio Solution File, Format Version 12.00
# Visual Studio Version 16
VisualStudioVersion = 16.0.30225.117
MinimumVisualStudioVersion = 10.0.40219.1
Project("{FAE04EC0-301F-11D3-BF4B-00C04F79EFBC}") = "NotasEstudiantes", "NotasEstudiantes\NotasEstudiantes.csproj", "{BB45A7C4-75C3-4456-A5B1-42D006744334}"
EndProject
Global
	GlobalSection(SolutionConfigurationPlatforms) = preSolution
		Debug|Any CPU = Debug|Any CPU
		Release|Any CPU = Release|Any CPU
	EndGlobalSection
	GlobalSection(ProjectConfigurationPlatforms) = postSolution
		{BB45A7C4-75C3-4456-A5B1-42D006744334}.Debug|Any CPU.ActiveCfg = Debug|Any CPU
		{BB45A7C4-75C3-4456-A5B1-42D006744334}.Debug|Any CPU.Build.0 = Debug|Any CPU
		{BB45A7C4-75C3-4456-A5B1-42D006744334}.Release|Any CPU.ActiveCfg = Release|Any CPU
		{BB45A7C4-75C3-4456-A5B1-42D006744334}.Release|Any CPU.Build.0 = Release|Any CPU
	EndGlobalSection
	GlobalSection(SolutionProperties) = preSolution
		HideSolutionNode = FALSE
	EndGlobalSection
	GlobalSection(ExtensibilityGlobals) = postSolution
		SolutionGuid = {D777C106-864E-4097-AFC9-38F427B06E5B}
	EndGlobalSection
EndGlobal
